<?xml version="1.0" encoding="utf-8"?>
<Project ToolsVersion="4.0" xmlns="http://schemas.microsoft.com/developer/msbuild/2003">
  <ItemGroup>
    <Filter Include="Server">
      <UniqueIdentifier>{de986ca5-b929-401b-a63f-d8a44de7ce25}</UniqueIdentifier>
    </Filter>
    <Filter Include="Default">
      <UniqueIdentifier>{c00be2fb-120a-4df3-bdd0-31411d8f28d5}</UniqueIdentifier>
    </Filter>
    <Filter Include="proto">
      <UniqueIdentifier>{2367c9e9-d689-4614-a0a1-ee7ffa3c7a45}</UniqueIdentifier>
    </Filter>
  </ItemGroup>
  <ItemGroup>
    <ClCompile Include="Codes\Server.cpp">
      <Filter>Server</Filter>
    </ClCompile>
    <ClCompile Include="Codes\serverMain.cpp">
      <Filter>Default</Filter>
    </ClCompile>
    <ClCompile Include="Codes\Buffer.cpp">
      <Filter>proto</Filter>
    </ClCompile>
    <ClCompile Include="..\OpenGL\include\proto\GameState.pb.cc">
      <Filter>proto</Filter>
    </ClCompile>
    <ClCompile Include="..\OpenGL\include\proto\UserInput.pb.cc">
      <Filter>proto</Filter>
    </ClCompile>
    <ClCompile Include="Codes\PlayerInfo.cpp">
      <Filter>Server</Filter>
    </ClCompile>
    <ClCompile Include="Codes\BulletInfo.cpp">
      <Filter>Server</Filter>
    </ClCompile>
  </ItemGroup>
  <ItemGroup>
    <ClInclude Include="Codes\Server.h">
      <Filter>Server</Filter>
    </ClInclude>
    <ClInclude Include="Codes\ClientInfo.h">
      <Filter>Server</Filter>
    </ClInclude>
    <ClInclude Include="Codes\Define.h">
      <Filter>Default</Filter>
    </ClInclude>
    <ClInclude Include="Codes\Buffer.h">
      <Filter>proto</Filter>
    </ClInclude>
    <ClInclude Include="..\OpenGL\include\proto\GameState.pb.h">
      <Filter>proto</Filter>
    </ClInclude>
    <ClInclude Include="..\OpenGL\include\proto\UserInput.pb.h">
      <Filter>proto</Filter>
    </ClInclude>
    <ClInclude Include="Codes\PlayerInfo.h">
      <Filter>Server</Filter>
    </ClInclude>
    <ClInclude Include="Codes\InputInfo.h">
      <Filter>Server</Filter>
    </ClInclude>
    <ClInclude Include="Codes\BulletInfo.h">
      <Filter>Server</Filter>
    </ClInclude>
  </ItemGroup>
</Project>