<?xml version="1.0" encoding="utf-8"?>
<Project ToolsVersion="4.0" xmlns="http://schemas.microsoft.com/developer/msbuild/2003">
  <ItemGroup>
    <Filter Include="Default">
      <UniqueIdentifier>{fea9fe0c-3375-4a77-81a6-6dc840dac802}</UniqueIdentifier>
    </Filter>
    <Filter Include="00.Base">
      <UniqueIdentifier>{9864d29a-c7aa-47b2-9858-6fbccfa8eeaf}</UniqueIdentifier>
    </Filter>
    <Filter Include="99.Headers">
      <UniqueIdentifier>{09d95101-474a-4f5c-ab1b-2ddc769027e5}</UniqueIdentifier>
    </Filter>
    <Filter Include="98.SingletonClasses">
      <UniqueIdentifier>{2d1bb03c-20e7-4bcb-adc0-ed26f60191e6}</UniqueIdentifier>
    </Filter>
    <Filter Include="01.Scene">
      <UniqueIdentifier>{6367eab3-f84a-4664-9f90-bfd47f39cf8d}</UniqueIdentifier>
    </Filter>
    <Filter Include="02.Layer">
      <UniqueIdentifier>{0d6bbd21-6256-4bcc-9171-737ecec6e08c}</UniqueIdentifier>
    </Filter>
    <Filter Include="03.GameObject">
      <UniqueIdentifier>{a68fdb2a-dc20-436d-b0be-16a30cc2ca0a}</UniqueIdentifier>
    </Filter>
    <Filter Include="04.Component">
      <UniqueIdentifier>{d5d81b84-be61-4fa8-940a-0e56c83cf0b4}</UniqueIdentifier>
    </Filter>
    <Filter Include="04.Component\Mesh">
      <UniqueIdentifier>{350f3da4-4651-4f1c-9c99-365f2d29ba15}</UniqueIdentifier>
    </Filter>
    <Filter Include="04.Component\Shader">
      <UniqueIdentifier>{db8849de-93a8-4c37-828e-b82722625dff}</UniqueIdentifier>
    </Filter>
    <Filter Include="04.Component\Transform">
      <UniqueIdentifier>{2add43b5-ed01-4f99-8757-a117e858e1b8}</UniqueIdentifier>
    </Filter>
    <Filter Include="04.Component\Camera">
      <UniqueIdentifier>{301c5aa7-765f-4420-912f-5228012216af}</UniqueIdentifier>
    </Filter>
    <Filter Include="04.Component\Texture">
      <UniqueIdentifier>{76569058-0f71-45a7-8e9e-64e26c6e6613}</UniqueIdentifier>
    </Filter>
    <Filter Include="98.SingletonClasses\Sound">
      <UniqueIdentifier>{f349c8ba-cb67-448b-be79-373433c101fc}</UniqueIdentifier>
    </Filter>
    <Filter Include="98.SingletonClasses\Collision">
      <UniqueIdentifier>{d53ce013-5fc7-41a9-accb-5067983503d2}</UniqueIdentifier>
    </Filter>
    <Filter Include="04.Component\CollisionBox">
      <UniqueIdentifier>{915d2c3c-d4fd-44d2-a9e0-318485c77452}</UniqueIdentifier>
    </Filter>
    <Filter Include="98.SingletonClasses\Light">
      <UniqueIdentifier>{ec738422-2065-408d-9af3-784613c6a254}</UniqueIdentifier>
    </Filter>
  </ItemGroup>
  <ItemGroup>
    <ClInclude Include="Headers\Base.h">
      <Filter>00.Base</Filter>
    </ClInclude>
    <ClInclude Include="Headers\GameMaster.h">
      <Filter>98.SingletonClasses</Filter>
    </ClInclude>
    <ClInclude Include="Headers\ObjectPooler.h">
      <Filter>98.SingletonClasses</Filter>
    </ClInclude>
    <ClInclude Include="Headers\Renderer.h">
      <Filter>98.SingletonClasses</Filter>
    </ClInclude>
    <ClInclude Include="Headers\Timer.h">
      <Filter>98.SingletonClasses</Filter>
    </ClInclude>
    <ClInclude Include="Headers\EngineDefines.h">
      <Filter>99.Headers</Filter>
    </ClInclude>
    <ClInclude Include="Codes\framework.h">
      <Filter>Default</Filter>
    </ClInclude>
    <ClInclude Include="Codes\pch.h">
      <Filter>Default</Filter>
    </ClInclude>
    <ClInclude Include="Headers\InputDevice.h">
      <Filter>98.SingletonClasses</Filter>
    </ClInclude>
    <ClInclude Include="Headers\OpenGLDefines.h">
      <Filter>99.Headers</Filter>
    </ClInclude>
    <ClInclude Include="Headers\EngineError.h">
      <Filter>99.Headers</Filter>
    </ClInclude>
    <ClInclude Include="Headers\Scene.h">
      <Filter>01.Scene</Filter>
    </ClInclude>
    <ClInclude Include="Headers\Layer.h">
      <Filter>02.Layer</Filter>
    </ClInclude>
    <ClInclude Include="Headers\GameObject.h">
      <Filter>03.GameObject</Filter>
    </ClInclude>
    <ClInclude Include="Headers\Component.h">
      <Filter>04.Component</Filter>
    </ClInclude>
    <ClInclude Include="Headers\Mesh.h">
      <Filter>04.Component\Mesh</Filter>
    </ClInclude>
    <ClInclude Include="Headers\OpenGLDevice.h">
      <Filter>98.SingletonClasses</Filter>
    </ClInclude>
    <ClInclude Include="Headers\Shader.h">
      <Filter>04.Component\Shader</Filter>
    </ClInclude>
    <ClInclude Include="Headers\Transform.h">
      <Filter>04.Component\Transform</Filter>
    </ClInclude>
    <ClInclude Include="Headers\VIBuffer.h">
      <Filter>04.Component\Mesh</Filter>
    </ClInclude>
    <ClInclude Include="Headers\Camera.h">
      <Filter>04.Component\Camera</Filter>
    </ClInclude>
    <ClInclude Include="Headers\Texture.h">
      <Filter>04.Component\Texture</Filter>
    </ClInclude>
    <ClInclude Include="Headers\ComponentMaster.h">
      <Filter>98.SingletonClasses</Filter>
    </ClInclude>
    <ClInclude Include="Headers\XMLParser.h">
      <Filter>98.SingletonClasses</Filter>
    </ClInclude>
    <ClInclude Include="Headers\SoundMaster.h">
      <Filter>98.SingletonClasses\Sound</Filter>
    </ClInclude>
    <ClInclude Include="Headers\SoundSystem.h">
      <Filter>98.SingletonClasses\Sound</Filter>
    </ClInclude>
    <ClInclude Include="Headers\SoundInfo.h">
      <Filter>98.SingletonClasses\Sound</Filter>
    </ClInclude>
    <ClInclude Include="Headers\ChannelGroupInfo.h">
      <Filter>98.SingletonClasses\Sound</Filter>
    </ClInclude>
    <ClInclude Include="Headers\DSPInfo.h">
      <Filter>98.SingletonClasses\Sound</Filter>
    </ClInclude>
    <ClInclude Include="Headers\CollisionMaster.h">
      <Filter>98.SingletonClasses\Collision</Filter>
    </ClInclude>
    <ClInclude Include="Headers\BoundingBox.h">
      <Filter>04.Component\CollisionBox</Filter>
    </ClInclude>
    <ClInclude Include="Headers\EngineStruct.h">
      <Filter>99.Headers</Filter>
    </ClInclude>
    <ClInclude Include="Headers\Light.h">
      <Filter>98.SingletonClasses\Light</Filter>
    </ClInclude>
    <ClInclude Include="Headers\LightMaster.h">
      <Filter>98.SingletonClasses\Light</Filter>
    </ClInclude>
    <ClInclude Include="Headers\QuadTree.h">
      <Filter>98.SingletonClasses\Collision</Filter>
    </ClInclude>
    <ClInclude Include="Headers\Octree.h">
      <Filter>98.SingletonClasses\Collision</Filter>
    </ClInclude>
    <ClInclude Include="Headers\SkyBox.h">
      <Filter>03.GameObject</Filter>
    </ClInclude>
  </ItemGroup>
  <ItemGroup>
    <ClCompile Include="Codes\Base.cpp">
      <Filter>00.Base</Filter>
    </ClCompile>
    <ClCompile Include="Codes\GameMaster.cpp">
      <Filter>98.SingletonClasses</Filter>
    </ClCompile>
    <ClCompile Include="Codes\ObjectPooler.cpp">
      <Filter>98.SingletonClasses</Filter>
    </ClCompile>
    <ClCompile Include="Codes\Renderer.cpp">
      <Filter>98.SingletonClasses</Filter>
    </ClCompile>
    <ClCompile Include="Codes\Timer.cpp">
      <Filter>98.SingletonClasses</Filter>
    </ClCompile>
    <ClCompile Include="Codes\dllmain.cpp">
      <Filter>Default</Filter>
    </ClCompile>
    <ClCompile Include="Codes\pch.cpp">
      <Filter>Default</Filter>
    </ClCompile>
    <ClCompile Include="Codes\InputDevice.cpp">
      <Filter>98.SingletonClasses</Filter>
    </ClCompile>
    <ClCompile Include="Codes\Scene.cpp">
      <Filter>01.Scene</Filter>
    </ClCompile>
    <ClCompile Include="Codes\Layer.cpp">
      <Filter>02.Layer</Filter>
    </ClCompile>
    <ClCompile Include="Codes\GameObject.cpp">
      <Filter>03.GameObject</Filter>
    </ClCompile>
    <ClCompile Include="Codes\Component.cpp">
      <Filter>04.Component</Filter>
    </ClCompile>
    <ClCompile Include="Codes\Mesh.cpp">
      <Filter>04.Component\Mesh</Filter>
    </ClCompile>
    <ClCompile Include="Codes\OpenGLDevice.cpp">
      <Filter>98.SingletonClasses</Filter>
    </ClCompile>
    <ClCompile Include="Codes\Shader.cpp">
      <Filter>04.Component\Shader</Filter>
    </ClCompile>
    <ClCompile Include="Codes\Transform.cpp">
      <Filter>04.Component\Transform</Filter>
    </ClCompile>
    <ClCompile Include="Codes\VIBuffer.cpp">
      <Filter>04.Component\Mesh</Filter>
    </ClCompile>
    <ClCompile Include="Codes\Camera.cpp">
      <Filter>04.Component\Camera</Filter>
    </ClCompile>
    <ClCompile Include="Codes\Texture.cpp">
      <Filter>04.Component\Texture</Filter>
    </ClCompile>
    <ClCompile Include="Codes\ComponentMaster.cpp">
      <Filter>98.SingletonClasses</Filter>
    </ClCompile>
    <ClCompile Include="Codes\XMLParser.cpp">
      <Filter>98.SingletonClasses</Filter>
    </ClCompile>
    <ClCompile Include="Codes\SoundMaster.cpp">
      <Filter>98.SingletonClasses\Sound</Filter>
    </ClCompile>
    <ClCompile Include="Codes\SoundSystem.cpp">
      <Filter>98.SingletonClasses\Sound</Filter>
    </ClCompile>
    <ClCompile Include="Codes\SoundInfo.cpp">
      <Filter>98.SingletonClasses\Sound</Filter>
    </ClCompile>
    <ClCompile Include="Codes\ChannelGroupInfo.cpp">
      <Filter>98.SingletonClasses\Sound</Filter>
    </ClCompile>
    <ClCompile Include="Codes\DSPInfo.cpp">
      <Filter>98.SingletonClasses\Sound</Filter>
    </ClCompile>
    <ClCompile Include="Codes\CollisionMaster.cpp">
      <Filter>98.SingletonClasses\Collision</Filter>
    </ClCompile>
    <ClCompile Include="Codes\BoindingBox.cpp">
      <Filter>04.Component\CollisionBox</Filter>
    </ClCompile>
    <ClCompile Include="Codes\Light.cpp">
      <Filter>98.SingletonClasses\Light</Filter>
    </ClCompile>
    <ClCompile Include="Codes\LightMaster.cpp">
      <Filter>98.SingletonClasses\Light</Filter>
    </ClCompile>
    <ClCompile Include="Codes\QuadTree.cpp">
      <Filter>98.SingletonClasses\Collision</Filter>
    </ClCompile>
    <ClCompile Include="Codes\Octree.cpp">
      <Filter>98.SingletonClasses\Collision</Filter>
    </ClCompile>
    <ClCompile Include="Codes\SkyBox.cpp">
      <Filter>03.GameObject</Filter>
    </ClCompile>
  </ItemGroup>
</Project>